
Microsoft Visual Studio Solution File, Format Version 12.00
# Visual Studio Version 17
VisualStudioVersion = 17.8.34525.116
MinimumVisualStudioVersion = 10.0.40219.1
Project("{FAE04EC0-301F-11D3-BF4B-00C04F79EFBC}") = "ChallengeApp", "ChallengeApp\ChallengeApp.csproj", "{8DBD5C39-3CCD-4222-AB6E-F8C03C4562DB}"
EndProject
Global
	GlobalSection(SolutionConfigurationPlatforms) = preSolution
		Debug|Any CPU = Debug|Any CPU
		Release|Any CPU = Release|Any CPU
	EndGlobalSection
	GlobalSection(ProjectConfigurationPlatforms) = postSolution
		{8DBD5C39-3CCD-4222-AB6E-F8C03C4562DB}.Debug|Any CPU.ActiveCfg = Debug|Any CPU
		{8DBD5C39-3CCD-4222-AB6E-F8C03C4562DB}.Debug|Any CPU.Build.0 = Debug|Any CPU
		{8DBD5C39-3CCD-4222-AB6E-F8C03C4562DB}.Release|Any CPU.ActiveCfg = Release|Any CPU
		{8DBD5C39-3CCD-4222-AB6E-F8C03C4562DB}.Release|Any CPU.Build.0 = Release|Any CPU
	EndGlobalSection
	GlobalSection(SolutionProperties) = preSolution
		HideSolutionNode = FALSE
	EndGlobalSection
	GlobalSection(ExtensibilityGlobals) = postSolution
		SolutionGuid = {268CC19D-6ACE-4E88-ABD6-E06B348D0BDE}
	EndGlobalSection
EndGlobal
